
Microsoft Visual Studio Solution File, Format Version 12.00
# Visual Studio 15
VisualStudioVersion = 15.0.26228.4
MinimumVisualStudioVersion = 10.0.40219.1
Project("{FAE04EC0-301F-11D3-BF4B-00C04F79EFBC}") = "CommonControls", "CommonControls\CommonControls.csproj", "{5C06C55A-825D-4B1A-89A7-654798CE2554}"
EndProject
Project("{FAE04EC0-301F-11D3-BF4B-00C04F79EFBC}") = "CommonHelper", "CommonHelper\CommonHelper.csproj", "{728B1500-2760-468D-BCBA-EF16F2137601}"
EndProject
Project("{2150E333-8FDC-42A3-9474-1A3956D46DE8}") = "Libs", "Libs", "{3A5B4370-616A-463E-9784-03B7C81DA678}"
	ProjectSection(SolutionItems) = preProject
		Libs\Microsoft.Practices.CompositeUI.dll = Libs\Microsoft.Practices.CompositeUI.dll
		Libs\Microsoft.Practices.CompositeUI.WinForms.dll = Libs\Microsoft.Practices.CompositeUI.WinForms.dll
		Libs\Microsoft.Practices.EnterpriseLibrary.Common.dll = Libs\Microsoft.Practices.EnterpriseLibrary.Common.dll
		Libs\Microsoft.Practices.ObjectBuilder.dll = Libs\Microsoft.Practices.ObjectBuilder.dll
		Libs\Microsoft.Practices.SmartClient.ConnectionMonitor.dll = Libs\Microsoft.Practices.SmartClient.ConnectionMonitor.dll
		Libs\Microsoft.Practices.SmartClient.DisconnectedAgent.dll = Libs\Microsoft.Practices.SmartClient.DisconnectedAgent.dll
		Libs\Microsoft.Practices.SmartClient.EndpointCatalog.dll = Libs\Microsoft.Practices.SmartClient.EndpointCatalog.dll
		Libs\Microsoft.Practices.SmartClient.EnterpriseLibrary.dll = Libs\Microsoft.Practices.SmartClient.EnterpriseLibrary.dll
		Libs\Newtonsoft.Json.dll = Libs\Newtonsoft.Json.dll
		Libs\ScheduleTimer.dll = Libs\ScheduleTimer.dll
	EndProjectSection
EndProject
Project("{FAE04EC0-301F-11D3-BF4B-00C04F79EFBC}") = "sWorldModel", "sWorldModel\sWorldModel.csproj", "{89534068-01B1-458B-9E85-71A890EC5C9D}"
EndProject
Global
	GlobalSection(SubversionScc) = preSolution
		Svn-Managed = True
		Manager = AnkhSVN - Subversion Support for Visual Studio
	EndGlobalSection
	GlobalSection(SolutionConfigurationPlatforms) = preSolution
		Debug|Any CPU = Debug|Any CPU
		Debug|Mixed Platforms = Debug|Mixed Platforms
		Debug|x86 = Debug|x86
		Release|Any CPU = Release|Any CPU
		Release|Mixed Platforms = Release|Mixed Platforms
		Release|x86 = Release|x86
	EndGlobalSection
	GlobalSection(ProjectConfigurationPlatforms) = postSolution
		{5C06C55A-825D-4B1A-89A7-654798CE2554}.Debug|Any CPU.ActiveCfg = Debug|Any CPU
		{5C06C55A-825D-4B1A-89A7-654798CE2554}.Debug|Any CPU.Build.0 = Debug|Any CPU
		{5C06C55A-825D-4B1A-89A7-654798CE2554}.Debug|Mixed Platforms.ActiveCfg = Debug|Any CPU
		{5C06C55A-825D-4B1A-89A7-654798CE2554}.Debug|Mixed Platforms.Build.0 = Debug|Any CPU
		{5C06C55A-825D-4B1A-89A7-654798CE2554}.Debug|x86.ActiveCfg = Debug|Any CPU
		{5C06C55A-825D-4B1A-89A7-654798CE2554}.Release|Any CPU.ActiveCfg = Release|Any CPU
		{5C06C55A-825D-4B1A-89A7-654798CE2554}.Release|Any CPU.Build.0 = Release|Any CPU
		{5C06C55A-825D-4B1A-89A7-654798CE2554}.Release|Mixed Platforms.ActiveCfg = Release|Any CPU
		{5C06C55A-825D-4B1A-89A7-654798CE2554}.Release|Mixed Platforms.Build.0 = Release|Any CPU
		{5C06C55A-825D-4B1A-89A7-654798CE2554}.Release|x86.ActiveCfg = Release|Any CPU
		{728B1500-2760-468D-BCBA-EF16F2137601}.Debug|Any CPU.ActiveCfg = Debug|Any CPU
		{728B1500-2760-468D-BCBA-EF16F2137601}.Debug|Any CPU.Build.0 = Debug|Any CPU
		{728B1500-2760-468D-BCBA-EF16F2137601}.Debug|Mixed Platforms.ActiveCfg = Debug|Any CPU
		{728B1500-2760-468D-BCBA-EF16F2137601}.Debug|Mixed Platforms.Build.0 = Debug|Any CPU
		{728B1500-2760-468D-BCBA-EF16F2137601}.Debug|x86.ActiveCfg = Debug|Any CPU
		{728B1500-2760-468D-BCBA-EF16F2137601}.Release|Any CPU.ActiveCfg = Release|Any CPU
		{728B1500-2760-468D-BCBA-EF16F2137601}.Release|Any CPU.Build.0 = Release|Any CPU
		{728B1500-2760-468D-BCBA-EF16F2137601}.Release|Mixed Platforms.ActiveCfg = Release|Any CPU
		{728B1500-2760-468D-BCBA-EF16F2137601}.Release|Mixed Platforms.Build.0 = Release|Any CPU
		{728B1500-2760-468D-BCBA-EF16F2137601}.Release|x86.ActiveCfg = Release|Any CPU
		{89534068-01B1-458B-9E85-71A890EC5C9D}.Debug|Any CPU.ActiveCfg = Debug|Any CPU
		{89534068-01B1-458B-9E85-71A890EC5C9D}.Debug|Any CPU.Build.0 = Debug|Any CPU
		{89534068-01B1-458B-9E85-71A890EC5C9D}.Debug|Mixed Platforms.ActiveCfg = Debug|Any CPU
		{89534068-01B1-458B-9E85-71A890EC5C9D}.Debug|Mixed Platforms.Build.0 = Debug|Any CPU
		{89534068-01B1-458B-9E85-71A890EC5C9D}.Debug|x86.ActiveCfg = Debug|Any CPU
		{89534068-01B1-458B-9E85-71A890EC5C9D}.Release|Any CPU.ActiveCfg = Release|Any CPU
		{89534068-01B1-458B-9E85-71A890EC5C9D}.Release|Any CPU.Build.0 = Release|Any CPU
		{89534068-01B1-458B-9E85-71A890EC5C9D}.Release|Mixed Platforms.ActiveCfg = Release|Any CPU
		{89534068-01B1-458B-9E85-71A890EC5C9D}.Release|Mixed Platforms.Build.0 = Release|Any CPU
		{89534068-01B1-458B-9E85-71A890EC5C9D}.Release|x86.ActiveCfg = Release|Any CPU
	EndGlobalSection
	GlobalSection(SolutionProperties) = preSolution
		HideSolutionNode = FALSE
	EndGlobalSection
EndGlobal
