
Microsoft Visual Studio Solution File, Format Version 12.00
# Visual Studio 2012
Project("{2150E333-8FDC-42A3-9474-1A3956D46DE8}") = "Commons", "Commons", "{C815EAE2-0D4B-4400-85D3-DBD467624683}"
EndProject
Project("{2150E333-8FDC-42A3-9474-1A3956D46DE8}") = "Components", "Components", "{68C80722-509B-4DB6-9F1C-8881F345354D}"
EndProject
Project("{FAE04EC0-301F-11D3-BF4B-00C04F79EFBC}") = "CompositeUI", "Commons\CompositeUI\CompositeUI.csproj", "{C478E40B-A05E-4C69-9AB3-7A3BB374243F}"
EndProject
Project("{FAE04EC0-301F-11D3-BF4B-00C04F79EFBC}") = "CompositeUI.WinForms", "Commons\CompositeUI.WinForms\CompositeUI.WinForms.csproj", "{073BCD60-F2FB-4DB9-92FB-403C8F9E8DD0}"
EndProject
Project("{FAE04EC0-301F-11D3-BF4B-00C04F79EFBC}") = "CommonControls", "Commons\CommonControls\CommonControls.csproj", "{5C06C55A-825D-4B1A-89A7-654798CE2554}"
EndProject
Project("{FAE04EC0-301F-11D3-BF4B-00C04F79EFBC}") = "Common", "Commons\Common\Common.csproj", "{3BF6A307-5CCA-451B-8D7B-C8A90A7E04AB}"
EndProject
Project("{FAE04EC0-301F-11D3-BF4B-00C04F79EFBC}") = "CampusModel", "Commons\CampusModel\CampusModel.csproj", "{89534068-01B1-458B-9E85-71A890EC5C9D}"
EndProject
Project("{2150E333-8FDC-42A3-9474-1A3956D46DE8}") = "Shell", "Shell", "{7CB913E3-04A6-4449-A6B5-0367227CAFF9}"
EndProject
Project("{FAE04EC0-301F-11D3-BF4B-00C04F79EFBC}") = "CABDemo", "Shell\CABDemo.csproj", "{17726172-8449-4133-A528-2A3A10AD135A}"
EndProject
Project("{FAE04EC0-301F-11D3-BF4B-00C04F79EFBC}") = "FormAComponent", "Components\FormA\FormAComponent.csproj", "{25B02733-4E12-4A5D-929C-34D39DFD843F}"
EndProject
Project("{FAE04EC0-301F-11D3-BF4B-00C04F79EFBC}") = "FormBComponent", "Components\FormB\FormBComponent.csproj", "{BD60BB3F-7D4C-45CB-A3F5-4914A54793AE}"
EndProject
Global
	GlobalSection(SolutionConfigurationPlatforms) = preSolution
		Debug|Any CPU = Debug|Any CPU
		Release|Any CPU = Release|Any CPU
	EndGlobalSection
	GlobalSection(ProjectConfigurationPlatforms) = postSolution
		{C478E40B-A05E-4C69-9AB3-7A3BB374243F}.Debug|Any CPU.ActiveCfg = Debug|Any CPU
		{C478E40B-A05E-4C69-9AB3-7A3BB374243F}.Debug|Any CPU.Build.0 = Debug|Any CPU
		{C478E40B-A05E-4C69-9AB3-7A3BB374243F}.Release|Any CPU.ActiveCfg = Release|Any CPU
		{C478E40B-A05E-4C69-9AB3-7A3BB374243F}.Release|Any CPU.Build.0 = Release|Any CPU
		{073BCD60-F2FB-4DB9-92FB-403C8F9E8DD0}.Debug|Any CPU.ActiveCfg = Debug|Any CPU
		{073BCD60-F2FB-4DB9-92FB-403C8F9E8DD0}.Debug|Any CPU.Build.0 = Debug|Any CPU
		{073BCD60-F2FB-4DB9-92FB-403C8F9E8DD0}.Release|Any CPU.ActiveCfg = Release|Any CPU
		{073BCD60-F2FB-4DB9-92FB-403C8F9E8DD0}.Release|Any CPU.Build.0 = Release|Any CPU
		{5C06C55A-825D-4B1A-89A7-654798CE2554}.Debug|Any CPU.ActiveCfg = Debug|Any CPU
		{5C06C55A-825D-4B1A-89A7-654798CE2554}.Debug|Any CPU.Build.0 = Debug|Any CPU
		{5C06C55A-825D-4B1A-89A7-654798CE2554}.Release|Any CPU.ActiveCfg = Release|Any CPU
		{5C06C55A-825D-4B1A-89A7-654798CE2554}.Release|Any CPU.Build.0 = Release|Any CPU
		{3BF6A307-5CCA-451B-8D7B-C8A90A7E04AB}.Debug|Any CPU.ActiveCfg = Debug|Any CPU
		{3BF6A307-5CCA-451B-8D7B-C8A90A7E04AB}.Debug|Any CPU.Build.0 = Debug|Any CPU
		{3BF6A307-5CCA-451B-8D7B-C8A90A7E04AB}.Release|Any CPU.ActiveCfg = Release|Any CPU
		{3BF6A307-5CCA-451B-8D7B-C8A90A7E04AB}.Release|Any CPU.Build.0 = Release|Any CPU
		{89534068-01B1-458B-9E85-71A890EC5C9D}.Debug|Any CPU.ActiveCfg = Debug|Any CPU
		{89534068-01B1-458B-9E85-71A890EC5C9D}.Debug|Any CPU.Build.0 = Debug|Any CPU
		{89534068-01B1-458B-9E85-71A890EC5C9D}.Release|Any CPU.ActiveCfg = Release|Any CPU
		{89534068-01B1-458B-9E85-71A890EC5C9D}.Release|Any CPU.Build.0 = Release|Any CPU
		{17726172-8449-4133-A528-2A3A10AD135A}.Debug|Any CPU.ActiveCfg = Debug|Any CPU
		{17726172-8449-4133-A528-2A3A10AD135A}.Debug|Any CPU.Build.0 = Debug|Any CPU
		{17726172-8449-4133-A528-2A3A10AD135A}.Release|Any CPU.ActiveCfg = Release|Any CPU
		{17726172-8449-4133-A528-2A3A10AD135A}.Release|Any CPU.Build.0 = Release|Any CPU
		{25B02733-4E12-4A5D-929C-34D39DFD843F}.Debug|Any CPU.ActiveCfg = Debug|Any CPU
		{25B02733-4E12-4A5D-929C-34D39DFD843F}.Debug|Any CPU.Build.0 = Debug|Any CPU
		{25B02733-4E12-4A5D-929C-34D39DFD843F}.Release|Any CPU.ActiveCfg = Release|Any CPU
		{25B02733-4E12-4A5D-929C-34D39DFD843F}.Release|Any CPU.Build.0 = Release|Any CPU
		{BD60BB3F-7D4C-45CB-A3F5-4914A54793AE}.Debug|Any CPU.ActiveCfg = Debug|Any CPU
		{BD60BB3F-7D4C-45CB-A3F5-4914A54793AE}.Debug|Any CPU.Build.0 = Debug|Any CPU
		{BD60BB3F-7D4C-45CB-A3F5-4914A54793AE}.Release|Any CPU.ActiveCfg = Release|Any CPU
		{BD60BB3F-7D4C-45CB-A3F5-4914A54793AE}.Release|Any CPU.Build.0 = Release|Any CPU
	EndGlobalSection
	GlobalSection(SolutionProperties) = preSolution
		HideSolutionNode = FALSE
	EndGlobalSection
	GlobalSection(NestedProjects) = preSolution
		{C478E40B-A05E-4C69-9AB3-7A3BB374243F} = {C815EAE2-0D4B-4400-85D3-DBD467624683}
		{073BCD60-F2FB-4DB9-92FB-403C8F9E8DD0} = {C815EAE2-0D4B-4400-85D3-DBD467624683}
		{5C06C55A-825D-4B1A-89A7-654798CE2554} = {C815EAE2-0D4B-4400-85D3-DBD467624683}
		{3BF6A307-5CCA-451B-8D7B-C8A90A7E04AB} = {C815EAE2-0D4B-4400-85D3-DBD467624683}
		{89534068-01B1-458B-9E85-71A890EC5C9D} = {C815EAE2-0D4B-4400-85D3-DBD467624683}
		{25B02733-4E12-4A5D-929C-34D39DFD843F} = {68C80722-509B-4DB6-9F1C-8881F345354D}
		{BD60BB3F-7D4C-45CB-A3F5-4914A54793AE} = {68C80722-509B-4DB6-9F1C-8881F345354D}
		{17726172-8449-4133-A528-2A3A10AD135A} = {7CB913E3-04A6-4449-A6B5-0367227CAFF9}
	EndGlobalSection
EndGlobal
