
Microsoft Visual Studio Solution File, Format Version 12.00
# Visual Studio 15
VisualStudioVersion = 15.0.26228.4
MinimumVisualStudioVersion = 10.0.40219.1
Project("{2150E333-8FDC-42A3-9474-1A3956D46DE8}") = "Commons", "Commons", "{BE8F0671-F8DD-4E84-B28A-182373E86208}"
EndProject
Project("{2150E333-8FDC-42A3-9474-1A3956D46DE8}") = "Components", "Components", "{9F7EA7EF-DC3B-4435-A090-0582A7E0AFA6}"
EndProject
Project("{2150E333-8FDC-42A3-9474-1A3956D46DE8}") = "Services", "Services", "{B732645F-25C4-4F97-A803-59699A1B571E}"
EndProject
Project("{2150E333-8FDC-42A3-9474-1A3956D46DE8}") = "Shell", "Shell", "{E40AEB2F-36C0-42B8-B9DF-F850C3043E6F}"
EndProject
Project("{FAE04EC0-301F-11D3-BF4B-00C04F79EFBC}") = "MainForm", "MainForm\MainForm.csproj", "{4FB78251-4BDE-4F59-8A07-EABBDBAFFC02}"
	ProjectSection(ProjectDependencies) = postProject
		{1F1D0D02-C934-4852-BE91-B6DE41E0536B} = {1F1D0D02-C934-4852-BE91-B6DE41E0536B}
		{3B409134-C8BB-4C41-B885-0C7827B8DA2A} = {3B409134-C8BB-4C41-B885-0C7827B8DA2A}
		{F6258063-6732-46CD-98A6-4AA56B49E65F} = {F6258063-6732-46CD-98A6-4AA56B49E65F}
		{CE74F678-59A8-4405-94E9-FF7AF2B353D7} = {CE74F678-59A8-4405-94E9-FF7AF2B353D7}
		{ED8A8197-D684-460D-933D-0768EAFA9110} = {ED8A8197-D684-460D-933D-0768EAFA9110}
		{696E929A-6A4A-4C6D-A8B2-C4F25F781940} = {696E929A-6A4A-4C6D-A8B2-C4F25F781940}
		{02D6869F-28CF-4514-9847-EAE8A868A88F} = {02D6869F-28CF-4514-9847-EAE8A868A88F}
		{8364DFA6-9F2E-4181-8BD0-4237F8537D18} = {8364DFA6-9F2E-4181-8BD0-4237F8537D18}
	EndProjectSection
EndProject
Project("{FAE04EC0-301F-11D3-BF4B-00C04F79EFBC}") = "CommonHelper", "..\GPCoreCommon\CommonHelper\CommonHelper.csproj", "{728B1500-2760-468D-BCBA-EF16F2137601}"
EndProject
Project("{FAE04EC0-301F-11D3-BF4B-00C04F79EFBC}") = "CommonControls", "..\GPCoreCommon\CommonControls\CommonControls.csproj", "{5C06C55A-825D-4B1A-89A7-654798CE2554}"
EndProject
Project("{FAE04EC0-301F-11D3-BF4B-00C04F79EFBC}") = "CardMgtComponent", "CardMgtComponent\CardMgtComponent.csproj", "{CE74F678-59A8-4405-94E9-FF7AF2B353D7}"
EndProject
Project("{FAE04EC0-301F-11D3-BF4B-00C04F79EFBC}") = "CompositeUI", "..\GPCoreCommon\CompositeUI\CompositeUI.csproj", "{C478E40B-A05E-4C69-9AB3-7A3BB374243F}"
EndProject
Project("{FAE04EC0-301F-11D3-BF4B-00C04F79EFBC}") = "CompositeUI.WinForms", "..\GPCoreCommon\CompositeUI.WinForms\CompositeUI.WinForms.csproj", "{073BCD60-F2FB-4DB9-92FB-403C8F9E8DD0}"
EndProject
Project("{FAE04EC0-301F-11D3-BF4B-00C04F79EFBC}") = "CryptoHelper", "..\GPCoreCommon\CryptoHelper\CryptoHelper.csproj", "{02D6869F-28CF-4514-9847-EAE8A868A88F}"
EndProject
Project("{FAE04EC0-301F-11D3-BF4B-00C04F79EFBC}") = "LocalStorageService", "LocalStorageService\LocalStorageService.csproj", "{1F1D0D02-C934-4852-BE91-B6DE41E0536B}"
EndProject
Project("{FAE04EC0-301F-11D3-BF4B-00C04F79EFBC}") = "PieChart", "..\GPCoreCommon\PieChart\PieChart.csproj", "{696E929A-6A4A-4C6D-A8B2-C4F25F781940}"
EndProject
Project("{FAE04EC0-301F-11D3-BF4B-00C04F79EFBC}") = "sWorldModel", "..\GPCoreCommon\sWorldModel\sWorldModel.csproj", "{89534068-01B1-458B-9E85-71A890EC5C9D}"
EndProject
Project("{FAE04EC0-301F-11D3-BF4B-00C04F79EFBC}") = "JavaCommunication", "JavaCommunication\JavaCommunication.csproj", "{92E8979E-C112-4164-AC43-D61F114EAF2A}"
EndProject
Project("{FAE04EC0-301F-11D3-BF4B-00C04F79EFBC}") = "sWorldCommunication", "sWorldCommunication\sWorldCommunication.csproj", "{A9AC7BCE-561F-48A9-B732-C67416DDBFF0}"
EndProject
Project("{FAE04EC0-301F-11D3-BF4B-00C04F79EFBC}") = "ReaderManager", "ReaderManager\ReaderManager.csproj", "{3B409134-C8BB-4C41-B885-0C7827B8DA2A}"
EndProject
Project("{FAE04EC0-301F-11D3-BF4B-00C04F79EFBC}") = "CardChipService", "CardChipService\CardChipService.csproj", "{ED8A8197-D684-460D-933D-0768EAFA9110}"
EndProject
Project("{FAE04EC0-301F-11D3-BF4B-00C04F79EFBC}") = "SystemMgtComponent", "OrganizationMgtComponent\SystemMgtComponent.csproj", "{F6258063-6732-46CD-98A6-4AA56B49E65F}"
EndProject
Project("{FAE04EC0-301F-11D3-BF4B-00C04F79EFBC}") = "SupportMgtComponet", "SupportMgtComponet\SupportMgtComponet.csproj", "{8364DFA6-9F2E-4181-8BD0-4237F8537D18}"
EndProject
Project("{FAE04EC0-301F-11D3-BF4B-00C04F79EFBC}") = "sExcelExportComponent", "sExcelExportComponent\sExcelExportComponent.csproj", "{FD290B41-1FF4-4F5A-92BC-4140C079539D}"
EndProject
Global
	GlobalSection(SolutionConfigurationPlatforms) = preSolution
		Debug|x86 = Debug|x86
		Release|x86 = Release|x86
	EndGlobalSection
	GlobalSection(ProjectConfigurationPlatforms) = postSolution
		{4FB78251-4BDE-4F59-8A07-EABBDBAFFC02}.Debug|x86.ActiveCfg = Debug|x86
		{4FB78251-4BDE-4F59-8A07-EABBDBAFFC02}.Debug|x86.Build.0 = Debug|x86
		{4FB78251-4BDE-4F59-8A07-EABBDBAFFC02}.Release|x86.ActiveCfg = Release|x86
		{4FB78251-4BDE-4F59-8A07-EABBDBAFFC02}.Release|x86.Build.0 = Release|x86
		{728B1500-2760-468D-BCBA-EF16F2137601}.Debug|x86.ActiveCfg = Debug|x86
		{728B1500-2760-468D-BCBA-EF16F2137601}.Debug|x86.Build.0 = Debug|x86
		{728B1500-2760-468D-BCBA-EF16F2137601}.Release|x86.ActiveCfg = Release|x86
		{728B1500-2760-468D-BCBA-EF16F2137601}.Release|x86.Build.0 = Release|x86
		{5C06C55A-825D-4B1A-89A7-654798CE2554}.Debug|x86.ActiveCfg = Debug|x86
		{5C06C55A-825D-4B1A-89A7-654798CE2554}.Debug|x86.Build.0 = Debug|x86
		{5C06C55A-825D-4B1A-89A7-654798CE2554}.Release|x86.ActiveCfg = Release|x86
		{5C06C55A-825D-4B1A-89A7-654798CE2554}.Release|x86.Build.0 = Release|x86
		{CE74F678-59A8-4405-94E9-FF7AF2B353D7}.Debug|x86.ActiveCfg = Debug|x86
		{CE74F678-59A8-4405-94E9-FF7AF2B353D7}.Debug|x86.Build.0 = Debug|x86
		{CE74F678-59A8-4405-94E9-FF7AF2B353D7}.Release|x86.ActiveCfg = Release|x86
		{CE74F678-59A8-4405-94E9-FF7AF2B353D7}.Release|x86.Build.0 = Release|x86
		{C478E40B-A05E-4C69-9AB3-7A3BB374243F}.Debug|x86.ActiveCfg = Debug|x86
		{C478E40B-A05E-4C69-9AB3-7A3BB374243F}.Debug|x86.Build.0 = Debug|x86
		{C478E40B-A05E-4C69-9AB3-7A3BB374243F}.Release|x86.ActiveCfg = Release|x86
		{C478E40B-A05E-4C69-9AB3-7A3BB374243F}.Release|x86.Build.0 = Release|x86
		{073BCD60-F2FB-4DB9-92FB-403C8F9E8DD0}.Debug|x86.ActiveCfg = Debug|x86
		{073BCD60-F2FB-4DB9-92FB-403C8F9E8DD0}.Debug|x86.Build.0 = Debug|x86
		{073BCD60-F2FB-4DB9-92FB-403C8F9E8DD0}.Release|x86.ActiveCfg = Release|x86
		{073BCD60-F2FB-4DB9-92FB-403C8F9E8DD0}.Release|x86.Build.0 = Release|x86
		{02D6869F-28CF-4514-9847-EAE8A868A88F}.Debug|x86.ActiveCfg = Debug|x86
		{02D6869F-28CF-4514-9847-EAE8A868A88F}.Debug|x86.Build.0 = Debug|x86
		{02D6869F-28CF-4514-9847-EAE8A868A88F}.Release|x86.ActiveCfg = Release|x86
		{02D6869F-28CF-4514-9847-EAE8A868A88F}.Release|x86.Build.0 = Release|x86
		{1F1D0D02-C934-4852-BE91-B6DE41E0536B}.Debug|x86.ActiveCfg = Debug|x86
		{1F1D0D02-C934-4852-BE91-B6DE41E0536B}.Debug|x86.Build.0 = Debug|x86
		{1F1D0D02-C934-4852-BE91-B6DE41E0536B}.Release|x86.ActiveCfg = Release|x86
		{1F1D0D02-C934-4852-BE91-B6DE41E0536B}.Release|x86.Build.0 = Release|x86
		{696E929A-6A4A-4C6D-A8B2-C4F25F781940}.Debug|x86.ActiveCfg = Debug|x86
		{696E929A-6A4A-4C6D-A8B2-C4F25F781940}.Debug|x86.Build.0 = Debug|x86
		{696E929A-6A4A-4C6D-A8B2-C4F25F781940}.Release|x86.ActiveCfg = Release|x86
		{696E929A-6A4A-4C6D-A8B2-C4F25F781940}.Release|x86.Build.0 = Release|x86
		{89534068-01B1-458B-9E85-71A890EC5C9D}.Debug|x86.ActiveCfg = Debug|x86
		{89534068-01B1-458B-9E85-71A890EC5C9D}.Debug|x86.Build.0 = Debug|x86
		{89534068-01B1-458B-9E85-71A890EC5C9D}.Release|x86.ActiveCfg = Release|x86
		{89534068-01B1-458B-9E85-71A890EC5C9D}.Release|x86.Build.0 = Release|x86
		{92E8979E-C112-4164-AC43-D61F114EAF2A}.Debug|x86.ActiveCfg = Debug|x86
		{92E8979E-C112-4164-AC43-D61F114EAF2A}.Debug|x86.Build.0 = Debug|x86
		{92E8979E-C112-4164-AC43-D61F114EAF2A}.Release|x86.ActiveCfg = Release|x86
		{92E8979E-C112-4164-AC43-D61F114EAF2A}.Release|x86.Build.0 = Release|x86
		{A9AC7BCE-561F-48A9-B732-C67416DDBFF0}.Debug|x86.ActiveCfg = Debug|x86
		{A9AC7BCE-561F-48A9-B732-C67416DDBFF0}.Debug|x86.Build.0 = Debug|x86
		{A9AC7BCE-561F-48A9-B732-C67416DDBFF0}.Release|x86.ActiveCfg = Release|x86
		{A9AC7BCE-561F-48A9-B732-C67416DDBFF0}.Release|x86.Build.0 = Release|x86
		{3B409134-C8BB-4C41-B885-0C7827B8DA2A}.Debug|x86.ActiveCfg = Debug|x86
		{3B409134-C8BB-4C41-B885-0C7827B8DA2A}.Debug|x86.Build.0 = Debug|x86
		{3B409134-C8BB-4C41-B885-0C7827B8DA2A}.Release|x86.ActiveCfg = Release|x86
		{3B409134-C8BB-4C41-B885-0C7827B8DA2A}.Release|x86.Build.0 = Release|x86
		{ED8A8197-D684-460D-933D-0768EAFA9110}.Debug|x86.ActiveCfg = Debug|x86
		{ED8A8197-D684-460D-933D-0768EAFA9110}.Debug|x86.Build.0 = Debug|x86
		{ED8A8197-D684-460D-933D-0768EAFA9110}.Release|x86.ActiveCfg = Release|x86
		{ED8A8197-D684-460D-933D-0768EAFA9110}.Release|x86.Build.0 = Release|x86
		{F6258063-6732-46CD-98A6-4AA56B49E65F}.Debug|x86.ActiveCfg = Debug|x86
		{F6258063-6732-46CD-98A6-4AA56B49E65F}.Debug|x86.Build.0 = Debug|x86
		{F6258063-6732-46CD-98A6-4AA56B49E65F}.Release|x86.ActiveCfg = Release|x86
		{F6258063-6732-46CD-98A6-4AA56B49E65F}.Release|x86.Build.0 = Release|x86
		{8364DFA6-9F2E-4181-8BD0-4237F8537D18}.Debug|x86.ActiveCfg = Debug|x86
		{8364DFA6-9F2E-4181-8BD0-4237F8537D18}.Debug|x86.Build.0 = Debug|x86
		{8364DFA6-9F2E-4181-8BD0-4237F8537D18}.Release|x86.ActiveCfg = Release|x86
		{8364DFA6-9F2E-4181-8BD0-4237F8537D18}.Release|x86.Build.0 = Release|x86
		{FD290B41-1FF4-4F5A-92BC-4140C079539D}.Debug|x86.ActiveCfg = Debug|x86
		{FD290B41-1FF4-4F5A-92BC-4140C079539D}.Debug|x86.Build.0 = Debug|x86
		{FD290B41-1FF4-4F5A-92BC-4140C079539D}.Release|x86.ActiveCfg = Release|x86
		{FD290B41-1FF4-4F5A-92BC-4140C079539D}.Release|x86.Build.0 = Release|x86
	EndGlobalSection
	GlobalSection(SolutionProperties) = preSolution
		HideSolutionNode = FALSE
	EndGlobalSection
	GlobalSection(NestedProjects) = preSolution
		{4FB78251-4BDE-4F59-8A07-EABBDBAFFC02} = {E40AEB2F-36C0-42B8-B9DF-F850C3043E6F}
		{728B1500-2760-468D-BCBA-EF16F2137601} = {BE8F0671-F8DD-4E84-B28A-182373E86208}
		{5C06C55A-825D-4B1A-89A7-654798CE2554} = {BE8F0671-F8DD-4E84-B28A-182373E86208}
		{CE74F678-59A8-4405-94E9-FF7AF2B353D7} = {9F7EA7EF-DC3B-4435-A090-0582A7E0AFA6}
		{C478E40B-A05E-4C69-9AB3-7A3BB374243F} = {BE8F0671-F8DD-4E84-B28A-182373E86208}
		{073BCD60-F2FB-4DB9-92FB-403C8F9E8DD0} = {BE8F0671-F8DD-4E84-B28A-182373E86208}
		{02D6869F-28CF-4514-9847-EAE8A868A88F} = {BE8F0671-F8DD-4E84-B28A-182373E86208}
		{1F1D0D02-C934-4852-BE91-B6DE41E0536B} = {B732645F-25C4-4F97-A803-59699A1B571E}
		{696E929A-6A4A-4C6D-A8B2-C4F25F781940} = {BE8F0671-F8DD-4E84-B28A-182373E86208}
		{89534068-01B1-458B-9E85-71A890EC5C9D} = {BE8F0671-F8DD-4E84-B28A-182373E86208}
		{92E8979E-C112-4164-AC43-D61F114EAF2A} = {BE8F0671-F8DD-4E84-B28A-182373E86208}
		{A9AC7BCE-561F-48A9-B732-C67416DDBFF0} = {BE8F0671-F8DD-4E84-B28A-182373E86208}
		{3B409134-C8BB-4C41-B885-0C7827B8DA2A} = {BE8F0671-F8DD-4E84-B28A-182373E86208}
		{ED8A8197-D684-460D-933D-0768EAFA9110} = {B732645F-25C4-4F97-A803-59699A1B571E}
		{F6258063-6732-46CD-98A6-4AA56B49E65F} = {9F7EA7EF-DC3B-4435-A090-0582A7E0AFA6}
		{8364DFA6-9F2E-4181-8BD0-4237F8537D18} = {9F7EA7EF-DC3B-4435-A090-0582A7E0AFA6}
		{FD290B41-1FF4-4F5A-92BC-4140C079539D} = {BE8F0671-F8DD-4E84-B28A-182373E86208}
	EndGlobalSection
EndGlobal
